
Microsoft Visual Studio Solution File, Format Version 12.00
# Visual Studio Version 17
VisualStudioVersion = 17.12.35707.178
MinimumVisualStudioVersion = 10.0.40219.1
Project("{FAE04EC0-301F-11D3-BF4B-00C04F79EFBC}") = "Shopping.API", "Shopping.API\Shopping.API.csproj", "{B45D07DF-ADEA-40BB-BD10-9978E1E41582}"
EndProject
Project("{FAE04EC0-301F-11D3-BF4B-00C04F79EFBC}") = "Shopping.API.Tests", "Shopping.API.Tests\Shopping.API.Tests.csproj", "{F6DBEAA3-E739-4D59-A871-FD9BDE31F32B}"
EndProject
Global
	GlobalSection(SolutionConfigurationPlatforms) = preSolution
		Debug|Any CPU = Debug|Any CPU
		Release|Any CPU = Release|Any CPU
	EndGlobalSection
	GlobalSection(ProjectConfigurationPlatforms) = postSolution
		{B45D07DF-ADEA-40BB-BD10-9978E1E41582}.Debug|Any CPU.ActiveCfg = Debug|Any CPU
		{B45D07DF-ADEA-40BB-BD10-9978E1E41582}.Debug|Any CPU.Build.0 = Debug|Any CPU
		{B45D07DF-ADEA-40BB-BD10-9978E1E41582}.Release|Any CPU.ActiveCfg = Release|Any CPU
		{B45D07DF-ADEA-40BB-BD10-9978E1E41582}.Release|Any CPU.Build.0 = Release|Any CPU
		{F6DBEAA3-E739-4D59-A871-FD9BDE31F32B}.Debug|Any CPU.ActiveCfg = Debug|Any CPU
		{F6DBEAA3-E739-4D59-A871-FD9BDE31F32B}.Debug|Any CPU.Build.0 = Debug|Any CPU
		{F6DBEAA3-E739-4D59-A871-FD9BDE31F32B}.Release|Any CPU.ActiveCfg = Release|Any CPU
		{F6DBEAA3-E739-4D59-A871-FD9BDE31F32B}.Release|Any CPU.Build.0 = Release|Any CPU
	EndGlobalSection
	GlobalSection(SolutionProperties) = preSolution
		HideSolutionNode = FALSE
	EndGlobalSection
EndGlobal
